
Microsoft Visual Studio Solution File, Format Version 12.00
# Visual Studio Version 16
VisualStudioVersion = 16.0.30011.22
MinimumVisualStudioVersion = 10.0.40219.1
Project("{FAE04EC0-301F-11D3-BF4B-00C04F79EFBC}") = "E_Learning.Web", "E_Learning.Web\E_Learning.Web.csproj", "{36879984-87CE-4390-8119-D34F1CE5C931}"
EndProject
Project("{FAE04EC0-301F-11D3-BF4B-00C04F79EFBC}") = "E_Learning.DataLayer", "E_Learning.DataLayer\E_Learning.DataLayer.csproj", "{305E3199-C9E1-4A24-9909-39D9AC002533}"
EndProject
Project("{FAE04EC0-301F-11D3-BF4B-00C04F79EFBC}") = "E_Learning.Core", "E_Learning.Core\E_Learning.Core.csproj", "{87544867-64B0-435F-9FB5-79411AD45FC1}"
EndProject
Global
	GlobalSection(SolutionConfigurationPlatforms) = preSolution
		Debug|Any CPU = Debug|Any CPU
		Release|Any CPU = Release|Any CPU
	EndGlobalSection
	GlobalSection(ProjectConfigurationPlatforms) = postSolution
		{36879984-87CE-4390-8119-D34F1CE5C931}.Debug|Any CPU.ActiveCfg = Debug|Any CPU
		{36879984-87CE-4390-8119-D34F1CE5C931}.Debug|Any CPU.Build.0 = Debug|Any CPU
		{36879984-87CE-4390-8119-D34F1CE5C931}.Release|Any CPU.ActiveCfg = Release|Any CPU
		{36879984-87CE-4390-8119-D34F1CE5C931}.Release|Any CPU.Build.0 = Release|Any CPU
		{305E3199-C9E1-4A24-9909-39D9AC002533}.Debug|Any CPU.ActiveCfg = Debug|Any CPU
		{305E3199-C9E1-4A24-9909-39D9AC002533}.Debug|Any CPU.Build.0 = Debug|Any CPU
		{305E3199-C9E1-4A24-9909-39D9AC002533}.Release|Any CPU.ActiveCfg = Release|Any CPU
		{305E3199-C9E1-4A24-9909-39D9AC002533}.Release|Any CPU.Build.0 = Release|Any CPU
		{87544867-64B0-435F-9FB5-79411AD45FC1}.Debug|Any CPU.ActiveCfg = Debug|Any CPU
		{87544867-64B0-435F-9FB5-79411AD45FC1}.Debug|Any CPU.Build.0 = Debug|Any CPU
		{87544867-64B0-435F-9FB5-79411AD45FC1}.Release|Any CPU.ActiveCfg = Release|Any CPU
		{87544867-64B0-435F-9FB5-79411AD45FC1}.Release|Any CPU.Build.0 = Release|Any CPU
	EndGlobalSection
	GlobalSection(SolutionProperties) = preSolution
		HideSolutionNode = FALSE
	EndGlobalSection
	GlobalSection(ExtensibilityGlobals) = postSolution
		SolutionGuid = {F3E592F2-F8B3-42D6-A9A7-EAC416399A20}
	EndGlobalSection
EndGlobal
